
Microsoft Visual Studio Solution File, Format Version 12.00
# Visual Studio Version 17
VisualStudioVersion = 17.8.34330.188
MinimumVisualStudioVersion = 10.0.40219.1
Project("{FAE04EC0-301F-11D3-BF4B-00C04F79EFBC}") = "WebAppplicationNER", "WebAppplicationNER\WebAppplicationNER.csproj", "{5DE06550-1017-4B8F-A488-F2A74AC5EE2E}"
EndProject
Global
	GlobalSection(SolutionConfigurationPlatforms) = preSolution
		Debug|Any CPU = Debug|Any CPU
		Release|Any CPU = Release|Any CPU
	EndGlobalSection
	GlobalSection(ProjectConfigurationPlatforms) = postSolution
		{5DE06550-1017-4B8F-A488-F2A74AC5EE2E}.Debug|Any CPU.ActiveCfg = Debug|Any CPU
		{5DE06550-1017-4B8F-A488-F2A74AC5EE2E}.Debug|Any CPU.Build.0 = Debug|Any CPU
		{5DE06550-1017-4B8F-A488-F2A74AC5EE2E}.Release|Any CPU.ActiveCfg = Release|Any CPU
		{5DE06550-1017-4B8F-A488-F2A74AC5EE2E}.Release|Any CPU.Build.0 = Release|Any CPU
	EndGlobalSection
	GlobalSection(SolutionProperties) = preSolution
		HideSolutionNode = FALSE
	EndGlobalSection
	GlobalSection(ExtensibilityGlobals) = postSolution
		SolutionGuid = {141C9645-E6E9-4A20-B20C-F399E0AC15C2}
	EndGlobalSection
EndGlobal
